// !$*UTF8*$!
{
	archiveVersion = 1;
	classes = {
	};
	objectVersion = 51;
	objects = {

/* Begin PBXBuildFile section */
		2A1C1E1122FFA6790086C164 /* VideoListTableViewController.swift in Sources */ = {isa = PBXBuildFile; fileRef = 2A1C1E1022FFA6790086C164 /* VideoListTableViewController.swift */; };
		2A1C1E1322FFA68E0086C164 /* VideoListTableViewCell.swift in Sources */ = {isa = PBXBuildFile; fileRef = 2A1C1E1222FFA68E0086C164 /* VideoListTableViewCell.swift */; };
		2A1C1E1522FFAC250086C164 /* VideoListModel.swift in Sources */ = {isa = PBXBuildFile; fileRef = 2A1C1E1422FFAC250086C164 /* VideoListModel.swift */; };
		2A1C1E1722FFB1690086C164 /* VideoListViewModel.swift in Sources */ = {isa = PBXBuildFile; fileRef = 2A1C1E1622FFB1690086C164 /* VideoListViewModel.swift */; };
		2A33861B22FFA02600DA18C3 /* AppDelegate.swift in Sources */ = {isa = PBXBuildFile; fileRef = 2A33861A22FFA02600DA18C3 /* AppDelegate.swift */; };
		2A33861D22FFA02600DA18C3 /* ViewController.swift in Sources */ = {isa = PBXBuildFile; fileRef = 2A33861C22FFA02600DA18C3 /* ViewController.swift */; };
		2A33862022FFA02600DA18C3 /* Main.storyboard in Resources */ = {isa = PBXBuildFile; fileRef = 2A33861E22FFA02600DA18C3 /* Main.storyboard */; };
		2A33862222FFA02700DA18C3 /* Assets.xcassets in Resources */ = {isa = PBXBuildFile; fileRef = 2A33862122FFA02700DA18C3 /* Assets.xcassets */; };
		2A33862522FFA02700DA18C3 /* LaunchScreen.storyboard in Resources */ = {isa = PBXBuildFile; fileRef = 2A33862322FFA02700DA18C3 /* LaunchScreen.storyboard */; };
		845985FE1F4B73B1D7F46E69 /* Pods_VideoSearchApp.framework in Frameworks */ = {isa = PBXBuildFile; fileRef = CA7E5CEBA41F45BFB6EC5A1E /* Pods_VideoSearchApp.framework */; };
/* End PBXBuildFile section */

/* Begin PBXFileReference section */
		08882C1C6F67ACC1A4937635 /* Pods-VideoSearchApp.debug.xcconfig */ = {isa = PBXFileReference; includeInIndex = 1; lastKnownFileType = text.xcconfig; name = "Pods-VideoSearchApp.debug.xcconfig"; path = "Target Support Files/Pods-VideoSearchApp/Pods-VideoSearchApp.debug.xcconfig"; sourceTree = "<group>"; };
		2A1C1E1022FFA6790086C164 /* VideoListTableViewController.swift */ = {isa = PBXFileReference; lastKnownFileType = sourcecode.swift; path = VideoListTableViewController.swift; sourceTree = "<group>"; };
		2A1C1E1222FFA68E0086C164 /* VideoListTableViewCell.swift */ = {isa = PBXFileReference; lastKnownFileType = sourcecode.swift; path = VideoListTableViewCell.swift; sourceTree = "<group>"; };
		2A1C1E1422FFAC250086C164 /* VideoListModel.swift */ = {isa = PBXFileReference; lastKnownFileType = sourcecode.swift; path = VideoListModel.swift; sourceTree = "<group>"; };
		2A1C1E1622FFB1690086C164 /* VideoListViewModel.swift */ = {isa = PBXFileReference; lastKnownFileType = sourcecode.swift; path = VideoListViewModel.swift; sourceTree = "<group>"; };
		2A33861722FFA02600DA18C3 /* VideoSearchApp.app */ = {isa = PBXFileReference; explicitFileType = wrapper.application; includeInIndex = 0; path = VideoSearchApp.app; sourceTree = BUILT_PRODUCTS_DIR; };
		2A33861A22FFA02600DA18C3 /* AppDelegate.swift */ = {isa = PBXFileReference; lastKnownFileType = sourcecode.swift; path = AppDelegate.swift; sourceTree = "<group>"; };
		2A33861C22FFA02600DA18C3 /* ViewController.swift */ = {isa = PBXFileReference; lastKnownFileType = sourcecode.swift; path = ViewController.swift; sourceTree = "<group>"; };
		2A33861F22FFA02600DA18C3 /* Base */ = {isa = PBXFileReference; lastKnownFileType = file.storyboard; name = Base; path = Base.lproj/Main.storyboard; sourceTree = "<group>"; };
		2A33862122FFA02700DA18C3 /* Assets.xcassets */ = {isa = PBXFileReference; lastKnownFileType = folder.assetcatalog; path = Assets.xcassets; sourceTree = "<group>"; };
		2A33862422FFA02700DA18C3 /* Base */ = {isa = PBXFileReference; lastKnownFileType = file.storyboard; name = Base; path = Base.lproj/LaunchScreen.storyboard; sourceTree = "<group>"; };
		2A33862622FFA02700DA18C3 /* Info.plist */ = {isa = PBXFileReference; lastKnownFileType = text.plist.xml; path = Info.plist; sourceTree = "<group>"; };
		65502B5B073B7C4A57B8EFD5 /* Pods-VideoSearchApp.release.xcconfig */ = {isa = PBXFileReference; includeInIndex = 1; lastKnownFileType = text.xcconfig; name = "Pods-VideoSearchApp.release.xcconfig"; path = "Target Support Files/Pods-VideoSearchApp/Pods-VideoSearchApp.release.xcconfig"; sourceTree = "<group>"; };
		CA7E5CEBA41F45BFB6EC5A1E /* Pods_VideoSearchApp.framework */ = {isa = PBXFileReference; explicitFileType = wrapper.framework; includeInIndex = 0; path = Pods_VideoSearchApp.framework; sourceTree = BUILT_PRODUCTS_DIR; };
/* End PBXFileReference section */

/* Begin PBXFrameworksBuildPhase section */
		2A33861422FFA02600DA18C3 /* Frameworks */ = {
			isa = PBXFrameworksBuildPhase;
			buildActionMask = 2147483647;
			files = (
				845985FE1F4B73B1D7F46E69 /* Pods_VideoSearchApp.framework in Frameworks */,
			);
			runOnlyForDeploymentPostprocessing = 0;
		};
/* End PBXFrameworksBuildPhase section */

/* Begin PBXGroup section */
		2A1C1E0B22FFA2B30086C164 /* Views */ = {
			isa = PBXGroup;
			children = (
				2A1C1E0E22FFA60D0086C164 /* Search */,
				2A1C1E0F22FFA62F0086C164 /* VideoList */,
			);
			path = Views;
			sourceTree = "<group>";
		};
		2A1C1E0C22FFA2BE0086C164 /* ViewModels */ = {
			isa = PBXGroup;
			children = (
				2A1C1E1622FFB1690086C164 /* VideoListViewModel.swift */,
			);
			path = ViewModels;
			sourceTree = "<group>";
		};
		2A1C1E0D22FFA2CB0086C164 /* Models */ = {
			isa = PBXGroup;
			children = (
				2A1C1E1422FFAC250086C164 /* VideoListModel.swift */,
			);
			path = Models;
			sourceTree = "<group>";
		};
		2A1C1E0E22FFA60D0086C164 /* Search */ = {
			isa = PBXGroup;
			children = (
				2A33861C22FFA02600DA18C3 /* ViewController.swift */,
				2A33861E22FFA02600DA18C3 /* Main.storyboard */,
			);
			path = Search;
			sourceTree = "<group>";
		};
		2A1C1E0F22FFA62F0086C164 /* VideoList */ = {
			isa = PBXGroup;
			children = (
				2A1C1E1022FFA6790086C164 /* VideoListTableViewController.swift */,
				2A1C1E1222FFA68E0086C164 /* VideoListTableViewCell.swift */,
			);
			path = VideoList;
			sourceTree = "<group>";
		};
		2A33860E22FFA02600DA18C3 = {
			isa = PBXGroup;
			children = (
				2A33861922FFA02600DA18C3 /* VideoSearchApp */,
				2A33861822FFA02600DA18C3 /* Products */,
				3070EC67BF28EF594D89BAD2 /* Pods */,
				E65EDA79AE2B98BF8DA12C6A /* Frameworks */,
			);
			sourceTree = "<group>";
		};
		2A33861822FFA02600DA18C3 /* Products */ = {
			isa = PBXGroup;
			children = (
				2A33861722FFA02600DA18C3 /* VideoSearchApp.app */,
			);
			name = Products;
			sourceTree = "<group>";
		};
		2A33861922FFA02600DA18C3 /* VideoSearchApp */ = {
			isa = PBXGroup;
			children = (
				2A1C1E0C22FFA2BE0086C164 /* ViewModels */,
				2A1C1E0D22FFA2CB0086C164 /* Models */,
				2A1C1E0B22FFA2B30086C164 /* Views */,
				2A33861A22FFA02600DA18C3 /* AppDelegate.swift */,
				2A33862122FFA02700DA18C3 /* Assets.xcassets */,
				2A33862322FFA02700DA18C3 /* LaunchScreen.storyboard */,
				2A33862622FFA02700DA18C3 /* Info.plist */,
			);
			path = VideoSearchApp;
			sourceTree = "<group>";
		};
		3070EC67BF28EF594D89BAD2 /* Pods */ = {
			isa = PBXGroup;
			children = (
				08882C1C6F67ACC1A4937635 /* Pods-VideoSearchApp.debug.xcconfig */,
				65502B5B073B7C4A57B8EFD5 /* Pods-VideoSearchApp.release.xcconfig */,
			);
			path = Pods;
			sourceTree = "<group>";
		};
		E65EDA79AE2B98BF8DA12C6A /* Frameworks */ = {
			isa = PBXGroup;
			children = (
				CA7E5CEBA41F45BFB6EC5A1E /* Pods_VideoSearchApp.framework */,
			);
			name = Frameworks;
			sourceTree = "<group>";
		};
/* End PBXGroup section */

/* Begin PBXNativeTarget section */
		2A33861622FFA02600DA18C3 /* VideoSearchApp */ = {
			isa = PBXNativeTarget;
			buildConfigurationList = 2A33862922FFA02700DA18C3 /* Build configuration list for PBXNativeTarget "VideoSearchApp" */;
			buildPhases = (
				188D4EC89CE1B4AD1BBD5934 /* [CP] Check Pods Manifest.lock */,
				2A33861322FFA02600DA18C3 /* Sources */,
				2A33861422FFA02600DA18C3 /* Frameworks */,
				2A33861522FFA02600DA18C3 /* Resources */,
				890A6CB90576D9B83375028B /* [CP] Embed Pods Frameworks */,
			);
			buildRules = (
			);
			dependencies = (
			);
			name = VideoSearchApp;
			productName = VideoSearchApp;
			productReference = 2A33861722FFA02600DA18C3 /* VideoSearchApp.app */;
			productType = "com.apple.product-type.application";
		};
/* End PBXNativeTarget section */

/* Begin PBXProject section */
		2A33860F22FFA02600DA18C3 /* Project object */ = {
			isa = PBXProject;
			attributes = {
				LastSwiftUpdateCheck = 1020;
				LastUpgradeCheck = 1020;
				ORGANIZATIONNAME = "大嶺舜";
				TargetAttributes = {
					2A33861622FFA02600DA18C3 = {
						CreatedOnToolsVersion = 10.2.1;
					};
				};
			};
			buildConfigurationList = 2A33861222FFA02600DA18C3 /* Build configuration list for PBXProject "VideoSearchApp" */;
			compatibilityVersion = "Xcode 9.3";
			developmentRegion = en;
			hasScannedForEncodings = 0;
			knownRegions = (
				en,
				Base,
			);
			mainGroup = 2A33860E22FFA02600DA18C3;
			productRefGroup = 2A33861822FFA02600DA18C3 /* Products */;
			projectDirPath = "";
			projectRoot = "";
			targets = (
				2A33861622FFA02600DA18C3 /* VideoSearchApp */,
			);
		};
/* End PBXProject section */

/* Begin PBXResourcesBuildPhase section */
		2A33861522FFA02600DA18C3 /* Resources */ = {
			isa = PBXResourcesBuildPhase;
			buildActionMask = 2147483647;
			files = (
				2A33862522FFA02700DA18C3 /* LaunchScreen.storyboard in Resources */,
				2A33862222FFA02700DA18C3 /* Assets.xcassets in Resources */,
				2A33862022FFA02600DA18C3 /* Main.storyboard in Resources */,
			);
			runOnlyForDeploymentPostprocessing = 0;
		};
/* End PBXResourcesBuildPhase section */

/* Begin PBXShellScriptBuildPhase section */
		188D4EC89CE1B4AD1BBD5934 /* [CP] Check Pods Manifest.lock */ = {
			isa = PBXShellScriptBuildPhase;
			buildActionMask = 2147483647;
			files = (
			);
			inputFileListPaths = (
			);
			inputPaths = (
				"${PODS_PODFILE_DIR_PATH}/Podfile.lock",
				"${PODS_ROOT}/Manifest.lock",
			);
			name = "[CP] Check Pods Manifest.lock";
			outputFileListPaths = (
			);
			outputPaths = (
				"$(DERIVED_FILE_DIR)/Pods-VideoSearchApp-checkManifestLockResult.txt",
			);
			runOnlyForDeploymentPostprocessing = 0;
			shellPath = /bin/sh;
			shellScript = "diff \"${PODS_PODFILE_DIR_PATH}/Podfile.lock\" \"${PODS_ROOT}/Manifest.lock\" > /dev/null\nif [ $? != 0 ] ; then\n    # print error to STDERR\n    echo \"error: The sandbox is not in sync with the Podfile.lock. Run 'pod install' or update your CocoaPods installation.\" >&2\n    exit 1\nfi\n# This output is used by Xcode 'outputs' to avoid re-running this script phase.\necho \"SUCCESS\" > \"${SCRIPT_OUTPUT_FILE_0}\"\n";
			showEnvVarsInLog = 0;
		};
		890A6CB90576D9B83375028B /* [CP] Embed Pods Frameworks */ = {
			isa = PBXShellScriptBuildPhase;
			buildActionMask = 2147483647;
			files = (
			);
			inputFileListPaths = (
				"${PODS_ROOT}/Target Support Files/Pods-VideoSearchApp/Pods-VideoSearchApp-frameworks-${CONFIGURATION}-input-files.xcfilelist",
			);
			name = "[CP] Embed Pods Frameworks";
			outputFileListPaths = (
				"${PODS_ROOT}/Target Support Files/Pods-VideoSearchApp/Pods-VideoSearchApp-frameworks-${CONFIGURATION}-output-files.xcfilelist",
			);
			runOnlyForDeploymentPostprocessing = 0;
			shellPath = /bin/sh;
			shellScript = "\"${PODS_ROOT}/Target Support Files/Pods-VideoSearchApp/Pods-VideoSearchApp-frameworks.sh\"\n";
			showEnvVarsInLog = 0;
		};
/* End PBXShellScriptBuildPhase section */

/* Begin PBXSourcesBuildPhase section */
		2A33861322FFA02600DA18C3 /* Sources */ = {
			isa = PBXSourcesBuildPhase;
			buildActionMask = 2147483647;
			files = (
				2A33861D22FFA02600DA18C3 /* ViewController.swift in Sources */,
				2A1C1E1322FFA68E0086C164 /* VideoListTableViewCell.swift in Sources */,
				2A1C1E1722FFB1690086C164 /* VideoListViewModel.swift in Sources */,
				2A1C1E1122FFA6790086C164 /* VideoListTableViewController.swift in Sources */,
				2A1C1E1522FFAC250086C164 /* VideoListModel.swift in Sources */,
				2A33861B22FFA02600DA18C3 /* AppDelegate.swift in Sources */,
			);
			runOnlyForDeploymentPostprocessing = 0;
		};
/* End PBXSourcesBuildPhase section */

/* Begin PBXVariantGroup section */
		2A33861E22FFA02600DA18C3 /* Main.storyboard */ = {
			isa = PBXVariantGroup;
			children = (
				2A33861F22FFA02600DA18C3 /* Base */,
			);
			name = Main.storyboard;
			sourceTree = "<group>";
		};
		2A33862322FFA02700DA18C3 /* LaunchScreen.storyboard */ = {
			isa = PBXVariantGroup;
			children = (
				2A33862422FFA02700DA18C3 /* Base */,
			);
			name = LaunchScreen.storyboard;
			sourceTree = "<group>";
		};
/* End PBXVariantGroup section */

/* Begin XCBuildConfiguration section */
		2A33862722FFA02700DA18C3 /* Debug */ = {
			isa = XCBuildConfiguration;
			buildSettings = {
				ALWAYS_SEARCH_USER_PATHS = NO;
				CLANG_ANALYZER_NONNULL = YES;
				CLANG_ANALYZER_NUMBER_OBJECT_CONVERSION = YES_AGGRESSIVE;
				CLANG_CXX_LANGUAGE_STANDARD = "gnu++14";
				CLANG_CXX_LIBRARY = "libc++";
				CLANG_ENABLE_MODULES = YES;
				CLANG_ENABLE_OBJC_ARC = YES;
				CLANG_ENABLE_OBJC_WEAK = YES;
				CLANG_WARN_BLOCK_CAPTURE_AUTORELEASING = YES;
				CLANG_WARN_BOOL_CONVERSION = YES;
				CLANG_WARN_COMMA = YES;
				CLANG_WARN_CONSTANT_CONVERSION = YES;
				CLANG_WARN_DEPRECATED_OBJC_IMPLEMENTATIONS = YES;
				CLANG_WARN_DIRECT_OBJC_ISA_USAGE = YES_ERROR;
				CLANG_WARN_DOCUMENTATION_COMMENTS = YES;
				CLANG_WARN_EMPTY_BODY = YES;
				CLANG_WARN_ENUM_CONVERSION = YES;
				CLANG_WARN_INFINITE_RECURSION = YES;
				CLANG_WARN_INT_CONVERSION = YES;
				CLANG_WARN_NON_LITERAL_NULL_CONVERSION = YES;
				CLANG_WARN_OBJC_IMPLICIT_RETAIN_SELF = YES;
				CLANG_WARN_OBJC_LITERAL_CONVERSION = YES;
				CLANG_WARN_OBJC_ROOT_CLASS = YES_ERROR;
				CLANG_WARN_RANGE_LOOP_ANALYSIS = YES;
				CLANG_WARN_STRICT_PROTOTYPES = YES;
				CLANG_WARN_SUSPICIOUS_MOVE = YES;
				CLANG_WARN_UNGUARDED_AVAILABILITY = YES_AGGRESSIVE;
				CLANG_WARN_UNREACHABLE_CODE = YES;
				CLANG_WARN__DUPLICATE_METHOD_MATCH = YES;
				CODE_SIGN_IDENTITY = "iPhone Developer";
				COPY_PHASE_STRIP = NO;
				DEBUG_INFORMATION_FORMAT = dwarf;
				ENABLE_STRICT_OBJC_MSGSEND = YES;
				ENABLE_TESTABILITY = YES;
				GCC_C_LANGUAGE_STANDARD = gnu11;
				GCC_DYNAMIC_NO_PIC = NO;
				GCC_NO_COMMON_BLOCKS = YES;
				GCC_OPTIMIZATION_LEVEL = 0;
				GCC_PREPROCESSOR_DEFINITIONS = (
					"DEBUG=1",
					"$(inherited)",
				);
				GCC_WARN_64_TO_32_BIT_CONVERSION = YES;
				GCC_WARN_ABOUT_RETURN_TYPE = YES_ERROR;
				GCC_WARN_UNDECLARED_SELECTOR = YES;
				GCC_WARN_UNINITIALIZED_AUTOS = YES_AGGRESSIVE;
				GCC_WARN_UNUSED_FUNCTION = YES;
				GCC_WARN_UNUSED_VARIABLE = YES;
				IPHONEOS_DEPLOYMENT_TARGET = 12.2;
				MTL_ENABLE_DEBUG_INFO = INCLUDE_SOURCE;
				MTL_FAST_MATH = YES;
				ONLY_ACTIVE_ARCH = YES;
				SDKROOT = iphoneos;
				SWIFT_ACTIVE_COMPILATION_CONDITIONS = DEBUG;
				SWIFT_OPTIMIZATION_LEVEL = "-Onone";
			};
			name = Debug;
		};
		2A33862822FFA02700DA18C3 /* Release */ = {
			isa = XCBuildConfiguration;
			buildSettings = {
				ALWAYS_SEARCH_USER_PATHS = NO;
				CLANG_ANALYZER_NONNULL = YES;
				CLANG_ANALYZER_NUMBER_OBJECT_CONVERSION = YES_AGGRESSIVE;
				CLANG_CXX_LANGUAGE_STANDARD = "gnu++14";
				CLANG_CXX_LIBRARY = "libc++";
				CLANG_ENABLE_MODULES = YES;
				CLANG_ENABLE_OBJC_ARC = YES;
				CLANG_ENABLE_OBJC_WEAK = YES;
				CLANG_WARN_BLOCK_CAPTURE_AUTORELEASING = YES;
				CLANG_WARN_BOOL_CONVERSION = YES;
				CLANG_WARN_COMMA = YES;
				CLANG_WARN_CONSTANT_CONVERSION = YES;
				CLANG_WARN_DEPRECATED_OBJC_IMPLEMENTATIONS = YES;
				CLANG_WARN_DIRECT_OBJC_ISA_USAGE = YES_ERROR;
				CLANG_WARN_DOCUMENTATION_COMMENTS = YES;
				CLANG_WARN_EMPTY_BODY = YES;
				CLANG_WARN_ENUM_CONVERSION = YES;
				CLANG_WARN_INFINITE_RECURSION = YES;
				CLANG_WARN_INT_CONVERSION = YES;
				CLANG_WARN_NON_LITERAL_NULL_CONVERSION = YES;
				CLANG_WARN_OBJC_IMPLICIT_RETAIN_SELF = YES;
				CLANG_WARN_OBJC_LITERAL_CONVERSION = YES;
				CLANG_WARN_OBJC_ROOT_CLASS = YES_ERROR;
				CLANG_WARN_RANGE_LOOP_ANALYSIS = YES;
				CLANG_WARN_STRICT_PROTOTYPES = YES;
				CLANG_WARN_SUSPICIOUS_MOVE = YES;
				CLANG_WARN_UNGUARDED_AVAILABILITY = YES_AGGRESSIVE;
				CLANG_WARN_UNREACHABLE_CODE = YES;
				CLANG_WARN__DUPLICATE_METHOD_MATCH = YES;
				CODE_SIGN_IDENTITY = "iPhone Developer";
				COPY_PHASE_STRIP = NO;
				DEBUG_INFORMATION_FORMAT = "dwarf-with-dsym";
				ENABLE_NS_ASSERTIONS = NO;
				ENABLE_STRICT_OBJC_MSGSEND = YES;
				GCC_C_LANGUAGE_STANDARD = gnu11;
				GCC_NO_COMMON_BLOCKS = YES;
				GCC_WARN_64_TO_32_BIT_CONVERSION = YES;
				GCC_WARN_ABOUT_RETURN_TYPE = YES_ERROR;
				GCC_WARN_UNDECLARED_SELECTOR = YES;
				GCC_WARN_UNINITIALIZED_AUTOS = YES_AGGRESSIVE;
				GCC_WARN_UNUSED_FUNCTION = YES;
				GCC_WARN_UNUSED_VARIABLE = YES;
				IPHONEOS_DEPLOYMENT_TARGET = 12.2;
				MTL_ENABLE_DEBUG_INFO = NO;
				MTL_FAST_MATH = YES;
				SDKROOT = iphoneos;
				SWIFT_COMPILATION_MODE = wholemodule;
				SWIFT_OPTIMIZATION_LEVEL = "-O";
				VALIDATE_PRODUCT = YES;
			};
			name = Release;
		};
		2A33862A22FFA02700DA18C3 /* Debug */ = {
			isa = XCBuildConfiguration;
			baseConfigurationReference = 08882C1C6F67ACC1A4937635 /* Pods-VideoSearchApp.debug.xcconfig */;
			buildSettings = {
				ASSETCATALOG_COMPILER_APPICON_NAME = AppIcon;
				CODE_SIGN_STYLE = Automatic;
				INFOPLIST_FILE = VideoSearchApp/Info.plist;
				LD_RUNPATH_SEARCH_PATHS = (
					"$(inherited)",
					"@executable_path/Frameworks",
				);
				PRODUCT_BUNDLE_IDENTIFIER = VideoSearch.VideoSearchApp;
				PRODUCT_NAME = "$(TARGET_NAME)";
				SWIFT_VERSION = 5.0;
				TARGETED_DEVICE_FAMILY = "1,2";
			};
			name = Debug;
		};
		2A33862B22FFA02700DA18C3 /* Release */ = {
			isa = XCBuildConfiguration;
			baseConfigurationReference = 65502B5B073B7C4A57B8EFD5 /* Pods-VideoSearchApp.release.xcconfig */;
			buildSettings = {
				ASSETCATALOG_COMPILER_APPICON_NAME = AppIcon;
				CODE_SIGN_STYLE = Automatic;
				INFOPLIST_FILE = VideoSearchApp/Info.plist;
				LD_RUNPATH_SEARCH_PATHS = (
					"$(inherited)",
					"@executable_path/Frameworks",
				);
				PRODUCT_BUNDLE_IDENTIFIER = VideoSearch.VideoSearchApp;
				PRODUCT_NAME = "$(TARGET_NAME)";
				SWIFT_VERSION = 5.0;
				TARGETED_DEVICE_FAMILY = "1,2";
			};
			name = Release;
		};
/* End XCBuildConfiguration section */

/* Begin XCConfigurationList section */
		2A33861222FFA02600DA18C3 /* Build configuration list for PBXProject "VideoSearchApp" */ = {
			isa = XCConfigurationList;
			buildConfigurations = (
				2A33862722FFA02700DA18C3 /* Debug */,
				2A33862822FFA02700DA18C3 /* Release */,
			);
			defaultConfigurationIsVisible = 0;
			defaultConfigurationName = Release;
		};
		2A33862922FFA02700DA18C3 /* Build configuration list for PBXNativeTarget "VideoSearchApp" */ = {
			isa = XCConfigurationList;
			buildConfigurations = (
				2A33862A22FFA02700DA18C3 /* Debug */,
				2A33862B22FFA02700DA18C3 /* Release */,
			);
			defaultConfigurationIsVisible = 0;
			defaultConfigurationName = Release;
		};
/* End XCConfigurationList section */
	};
	rootObject = 2A33860F22FFA02600DA18C3 /* Project object */;
}
